
Microsoft Visual Studio Solution File, Format Version 12.00
# Visual Studio 15
VisualStudioVersion = 15.0.28307.572
MinimumVisualStudioVersion = 10.0.40219.1
Project("{FAE04EC0-301F-11D3-BF4B-00C04F79EFBC}") = "GesBanc.Server", "GesBanc.Server\GesBanc.Server.csproj", "{B202BA6A-2B55-427F-ACA1-725BA8A2E9C7}"
EndProject
Global
	GlobalSection(SolutionConfigurationPlatforms) = preSolution
		Debug|Any CPU = Debug|Any CPU
		Release|Any CPU = Release|Any CPU
	EndGlobalSection
	GlobalSection(ProjectConfigurationPlatforms) = postSolution
		{B202BA6A-2B55-427F-ACA1-725BA8A2E9C7}.Debug|Any CPU.ActiveCfg = Debug|Any CPU
		{B202BA6A-2B55-427F-ACA1-725BA8A2E9C7}.Debug|Any CPU.Build.0 = Debug|Any CPU
		{B202BA6A-2B55-427F-ACA1-725BA8A2E9C7}.Release|Any CPU.ActiveCfg = Release|Any CPU
		{B202BA6A-2B55-427F-ACA1-725BA8A2E9C7}.Release|Any CPU.Build.0 = Release|Any CPU
	EndGlobalSection
	GlobalSection(SolutionProperties) = preSolution
		HideSolutionNode = FALSE
	EndGlobalSection
	GlobalSection(ExtensibilityGlobals) = postSolution
		SolutionGuid = {3B649DCA-6D25-4637-B403-CFBE96CB7FAE}
	EndGlobalSection
EndGlobal
